
Microsoft Visual Studio Solution File, Format Version 12.00
# Visual Studio Version 17
VisualStudioVersion = 17.7.34009.444
MinimumVisualStudioVersion = 10.0.40219.1
Project("{FAE04EC0-301F-11D3-BF4B-00C04F79EFBC}") = "OnlineKurs.Web", "OnlineKurs.Web\OnlineKurs.Web.csproj", "{D5AFB30E-C3D9-433E-9DC4-5DCA2347CB8B}"
EndProject
Global
	GlobalSection(SolutionConfigurationPlatforms) = preSolution
		Debug|Any CPU = Debug|Any CPU
		Release|Any CPU = Release|Any CPU
	EndGlobalSection
	GlobalSection(ProjectConfigurationPlatforms) = postSolution
		{D5AFB30E-C3D9-433E-9DC4-5DCA2347CB8B}.Debug|Any CPU.ActiveCfg = Debug|Any CPU
		{D5AFB30E-C3D9-433E-9DC4-5DCA2347CB8B}.Debug|Any CPU.Build.0 = Debug|Any CPU
		{D5AFB30E-C3D9-433E-9DC4-5DCA2347CB8B}.Release|Any CPU.ActiveCfg = Release|Any CPU
		{D5AFB30E-C3D9-433E-9DC4-5DCA2347CB8B}.Release|Any CPU.Build.0 = Release|Any CPU
	EndGlobalSection
	GlobalSection(SolutionProperties) = preSolution
		HideSolutionNode = FALSE
	EndGlobalSection
	GlobalSection(ExtensibilityGlobals) = postSolution
		SolutionGuid = {236E097C-6F08-40A8-B81C-42A7D0BCC3DA}
	EndGlobalSection
EndGlobal
